// !$*UTF8*$!
{
	archiveVersion = 1;
	classes = {
	};
	objectVersion = 56;
	objects = {

/* Begin PBXBuildFile section */
		3F0A36B92ACC287E00BC5E3B /* lab01App.swift in Sources */ = {isa = PBXBuildFile; fileRef = 3F0A36B82ACC287E00BC5E3B /* lab01App.swift */; };
		3F0A36BB2ACC287E00BC5E3B /* ContentView.swift in Sources */ = {isa = PBXBuildFile; fileRef = 3F0A36BA2ACC287E00BC5E3B /* ContentView.swift */; };
		3F0A36BD2ACC287F00BC5E3B /* Assets.xcassets in Resources */ = {isa = PBXBuildFile; fileRef = 3F0A36BC2ACC287F00BC5E3B /* Assets.xcassets */; };
		3F0A36C02ACC287F00BC5E3B /* Preview Assets.xcassets in Resources */ = {isa = PBXBuildFile; fileRef = 3F0A36BF2ACC287F00BC5E3B /* Preview Assets.xcassets */; };
		3F0A36CA2ACC287F00BC5E3B /* lab01Tests.swift in Sources */ = {isa = PBXBuildFile; fileRef = 3F0A36C92ACC287F00BC5E3B /* lab01Tests.swift */; };
		3F0A36D42ACC287F00BC5E3B /* lab01UITests.swift in Sources */ = {isa = PBXBuildFile; fileRef = 3F0A36D32ACC287F00BC5E3B /* lab01UITests.swift */; };
		3F0A36D62ACC287F00BC5E3B /* lab01UITestsLaunchTests.swift in Sources */ = {isa = PBXBuildFile; fileRef = 3F0A36D52ACC287F00BC5E3B /* lab01UITestsLaunchTests.swift */; };
/* End PBXBuildFile section */

/* Begin PBXContainerItemProxy section */
		3F0A36C62ACC287F00BC5E3B /* PBXContainerItemProxy */ = {
			isa = PBXContainerItemProxy;
			containerPortal = 3F0A36AD2ACC287E00BC5E3B /* Project object */;
			proxyType = 1;
			remoteGlobalIDString = 3F0A36B42ACC287E00BC5E3B;
			remoteInfo = lab01;
		};
		3F0A36D02ACC287F00BC5E3B /* PBXContainerItemProxy */ = {
			isa = PBXContainerItemProxy;
			containerPortal = 3F0A36AD2ACC287E00BC5E3B /* Project object */;
			proxyType = 1;
			remoteGlobalIDString = 3F0A36B42ACC287E00BC5E3B;
			remoteInfo = lab01;
		};
/* End PBXContainerItemProxy section */

/* Begin PBXFileReference section */
		3F0A36B52ACC287E00BC5E3B /* lab01.app */ = {isa = PBXFileReference; explicitFileType = wrapper.application; includeInIndex = 0; path = lab01.app; sourceTree = BUILT_PRODUCTS_DIR; };
		3F0A36B82ACC287E00BC5E3B /* lab01App.swift */ = {isa = PBXFileReference; lastKnownFileType = sourcecode.swift; path = lab01App.swift; sourceTree = "<group>"; };
		3F0A36BA2ACC287E00BC5E3B /* ContentView.swift */ = {isa = PBXFileReference; lastKnownFileType = sourcecode.swift; path = ContentView.swift; sourceTree = "<group>"; };
		3F0A36BC2ACC287F00BC5E3B /* Assets.xcassets */ = {isa = PBXFileReference; lastKnownFileType = folder.assetcatalog; path = Assets.xcassets; sourceTree = "<group>"; };
		3F0A36BF2ACC287F00BC5E3B /* Preview Assets.xcassets */ = {isa = PBXFileReference; lastKnownFileType = folder.assetcatalog; path = "Preview Assets.xcassets"; sourceTree = "<group>"; };
		3F0A36C52ACC287F00BC5E3B /* lab01Tests.xctest */ = {isa = PBXFileReference; explicitFileType = wrapper.cfbundle; includeInIndex = 0; path = lab01Tests.xctest; sourceTree = BUILT_PRODUCTS_DIR; };
		3F0A36C92ACC287F00BC5E3B /* lab01Tests.swift */ = {isa = PBXFileReference; lastKnownFileType = sourcecode.swift; path = lab01Tests.swift; sourceTree = "<group>"; };
		3F0A36CF2ACC287F00BC5E3B /* lab01UITests.xctest */ = {isa = PBXFileReference; explicitFileType = wrapper.cfbundle; includeInIndex = 0; path = lab01UITests.xctest; sourceTree = BUILT_PRODUCTS_DIR; };
		3F0A36D32ACC287F00BC5E3B /* lab01UITests.swift */ = {isa = PBXFileReference; lastKnownFileType = sourcecode.swift; path = lab01UITests.swift; sourceTree = "<group>"; };
		3F0A36D52ACC287F00BC5E3B /* lab01UITestsLaunchTests.swift */ = {isa = PBXFileReference; lastKnownFileType = sourcecode.swift; path = lab01UITestsLaunchTests.swift; sourceTree = "<group>"; };
/* End PBXFileReference section */

/* Begin PBXFrameworksBuildPhase section */
		3F0A36B22ACC287E00BC5E3B /* Frameworks */ = {
			isa = PBXFrameworksBuildPhase;
			buildActionMask = 2147483647;
			files = (
			);
			runOnlyForDeploymentPostprocessing = 0;
		};
		3F0A36C22ACC287F00BC5E3B /* Frameworks */ = {
			isa = PBXFrameworksBuildPhase;
			buildActionMask = 2147483647;
			files = (
			);
			runOnlyForDeploymentPostprocessing = 0;
		};
		3F0A36CC2ACC287F00BC5E3B /* Frameworks */ = {
			isa = PBXFrameworksBuildPhase;
			buildActionMask = 2147483647;
			files = (
			);
			runOnlyForDeploymentPostprocessing = 0;
		};
/* End PBXFrameworksBuildPhase section */

/* Begin PBXGroup section */
		3F0A36AC2ACC287E00BC5E3B = {
			isa = PBXGroup;
			children = (
				3F0A36B72ACC287E00BC5E3B /* lab01 */,
				3F0A36C82ACC287F00BC5E3B /* lab01Tests */,
				3F0A36D22ACC287F00BC5E3B /* lab01UITests */,
				3F0A36B62ACC287E00BC5E3B /* Products */,
			);
			sourceTree = "<group>";
		};
		3F0A36B62ACC287E00BC5E3B /* Products */ = {
			isa = PBXGroup;
			children = (
				3F0A36B52ACC287E00BC5E3B /* lab01.app */,
				3F0A36C52ACC287F00BC5E3B /* lab01Tests.xctest */,
				3F0A36CF2ACC287F00BC5E3B /* lab01UITests.xctest */,
			);
			name = Products;
			sourceTree = "<group>";
		};
		3F0A36B72ACC287E00BC5E3B /* lab01 */ = {
			isa = PBXGroup;
			children = (
				3F0A36B82ACC287E00BC5E3B /* lab01App.swift */,
				3F0A36BA2ACC287E00BC5E3B /* ContentView.swift */,
				3F0A36BC2ACC287F00BC5E3B /* Assets.xcassets */,
				3F0A36BE2ACC287F00BC5E3B /* Preview Content */,
			);
			path = lab01;
			sourceTree = "<group>";
		};
		3F0A36BE2ACC287F00BC5E3B /* Preview Content */ = {
			isa = PBXGroup;
			children = (
				3F0A36BF2ACC287F00BC5E3B /* Preview Assets.xcassets */,
			);
			path = "Preview Content";
			sourceTree = "<group>";
		};
		3F0A36C82ACC287F00BC5E3B /* lab01Tests */ = {
			isa = PBXGroup;
			children = (
				3F0A36C92ACC287F00BC5E3B /* lab01Tests.swift */,
			);
			path = lab01Tests;
			sourceTree = "<group>";
		};
		3F0A36D22ACC287F00BC5E3B /* lab01UITests */ = {
			isa = PBXGroup;
			children = (
				3F0A36D32ACC287F00BC5E3B /* lab01UITests.swift */,
				3F0A36D52ACC287F00BC5E3B /* lab01UITestsLaunchTests.swift */,
			);
			path = lab01UITests;
			sourceTree = "<group>";
		};
/* End PBXGroup section */

/* Begin PBXNativeTarget section */
		3F0A36B42ACC287E00BC5E3B /* lab01 */ = {
			isa = PBXNativeTarget;
			buildConfigurationList = 3F0A36D92ACC287F00BC5E3B /* Build configuration list for PBXNativeTarget "lab01" */;
			buildPhases = (
				3F0A36B12ACC287E00BC5E3B /* Sources */,
				3F0A36B22ACC287E00BC5E3B /* Frameworks */,
				3F0A36B32ACC287E00BC5E3B /* Resources */,
			);
			buildRules = (
			);
			dependencies = (
			);
			name = lab01;
			productName = lab01;
			productReference = 3F0A36B52ACC287E00BC5E3B /* lab01.app */;
			productType = "com.apple.product-type.application";
		};
		3F0A36C42ACC287F00BC5E3B /* lab01Tests */ = {
			isa = PBXNativeTarget;
			buildConfigurationList = 3F0A36DC2ACC287F00BC5E3B /* Build configuration list for PBXNativeTarget "lab01Tests" */;
			buildPhases = (
				3F0A36C12ACC287F00BC5E3B /* Sources */,
				3F0A36C22ACC287F00BC5E3B /* Frameworks */,
				3F0A36C32ACC287F00BC5E3B /* Resources */,
			);
			buildRules = (
			);
			dependencies = (
				3F0A36C72ACC287F00BC5E3B /* PBXTargetDependency */,
			);
			name = lab01Tests;
			productName = lab01Tests;
			productReference = 3F0A36C52ACC287F00BC5E3B /* lab01Tests.xctest */;
			productType = "com.apple.product-type.bundle.unit-test";
		};
		3F0A36CE2ACC287F00BC5E3B /* lab01UITests */ = {
			isa = PBXNativeTarget;
			buildConfigurationList = 3F0A36DF2ACC287F00BC5E3B /* Build configuration list for PBXNativeTarget "lab01UITests" */;
			buildPhases = (
				3F0A36CB2ACC287F00BC5E3B /* Sources */,
				3F0A36CC2ACC287F00BC5E3B /* Frameworks */,
				3F0A36CD2ACC287F00BC5E3B /* Resources */,
			);
			buildRules = (
			);
			dependencies = (
				3F0A36D12ACC287F00BC5E3B /* PBXTargetDependency */,
			);
			name = lab01UITests;
			productName = lab01UITests;
			productReference = 3F0A36CF2ACC287F00BC5E3B /* lab01UITests.xctest */;
			productType = "com.apple.product-type.bundle.ui-testing";
		};
/* End PBXNativeTarget section */

/* Begin PBXProject section */
		3F0A36AD2ACC287E00BC5E3B /* Project object */ = {
			isa = PBXProject;
			attributes = {
				BuildIndependentTargetsInParallel = 1;
				LastSwiftUpdateCheck = 1500;
				LastUpgradeCheck = 1500;
				TargetAttributes = {
					3F0A36B42ACC287E00BC5E3B = {
						CreatedOnToolsVersion = 15.0;
					};
					3F0A36C42ACC287F00BC5E3B = {
						CreatedOnToolsVersion = 15.0;
						TestTargetID = 3F0A36B42ACC287E00BC5E3B;
					};
					3F0A36CE2ACC287F00BC5E3B = {
						CreatedOnToolsVersion = 15.0;
						TestTargetID = 3F0A36B42ACC287E00BC5E3B;
					};
				};
			};
			buildConfigurationList = 3F0A36B02ACC287E00BC5E3B /* Build configuration list for PBXProject "lab01" */;
			compatibilityVersion = "Xcode 14.0";
			developmentRegion = en;
			hasScannedForEncodings = 0;
			knownRegions = (
				en,
				Base,
			);
			mainGroup = 3F0A36AC2ACC287E00BC5E3B;
			productRefGroup = 3F0A36B62ACC287E00BC5E3B /* Products */;
			projectDirPath = "";
			projectRoot = "";
			targets = (
				3F0A36B42ACC287E00BC5E3B /* lab01 */,
				3F0A36C42ACC287F00BC5E3B /* lab01Tests */,
				3F0A36CE2ACC287F00BC5E3B /* lab01UITests */,
			);
		};
/* End PBXProject section */

/* Begin PBXResourcesBuildPhase section */
		3F0A36B32ACC287E00BC5E3B /* Resources */ = {
			isa = PBXResourcesBuildPhase;
			buildActionMask = 2147483647;
			files = (
				3F0A36C02ACC287F00BC5E3B /* Preview Assets.xcassets in Resources */,
				3F0A36BD2ACC287F00BC5E3B /* Assets.xcassets in Resources */,
			);
			runOnlyForDeploymentPostprocessing = 0;
		};
		3F0A36C32ACC287F00BC5E3B /* Resources */ = {
			isa = PBXResourcesBuildPhase;
			buildActionMask = 2147483647;
			files = (
			);
			runOnlyForDeploymentPostprocessing = 0;
		};
		3F0A36CD2ACC287F00BC5E3B /* Resources */ = {
			isa = PBXResourcesBuildPhase;
			buildActionMask = 2147483647;
			files = (
			);
			runOnlyForDeploymentPostprocessing = 0;
		};
/* End PBXResourcesBuildPhase section */

/* Begin PBXSourcesBuildPhase section */
		3F0A36B12ACC287E00BC5E3B /* Sources */ = {
			isa = PBXSourcesBuildPhase;
			buildActionMask = 2147483647;
			files = (
				3F0A36BB2ACC287E00BC5E3B /* ContentView.swift in Sources */,
				3F0A36B92ACC287E00BC5E3B /* lab01App.swift in Sources */,
			);
			runOnlyForDeploymentPostprocessing = 0;
		};
		3F0A36C12ACC287F00BC5E3B /* Sources */ = {
			isa = PBXSourcesBuildPhase;
			buildActionMask = 2147483647;
			files = (
				3F0A36CA2ACC287F00BC5E3B /* lab01Tests.swift in Sources */,
			);
			runOnlyForDeploymentPostprocessing = 0;
		};
		3F0A36CB2ACC287F00BC5E3B /* Sources */ = {
			isa = PBXSourcesBuildPhase;
			buildActionMask = 2147483647;
			files = (
				3F0A36D42ACC287F00BC5E3B /* lab01UITests.swift in Sources */,
				3F0A36D62ACC287F00BC5E3B /* lab01UITestsLaunchTests.swift in Sources */,
			);
			runOnlyForDeploymentPostprocessing = 0;
		};
/* End PBXSourcesBuildPhase section */

/* Begin PBXTargetDependency section */
		3F0A36C72ACC287F00BC5E3B /* PBXTargetDependency */ = {
			isa = PBXTargetDependency;
			target = 3F0A36B42ACC287E00BC5E3B /* lab01 */;
			targetProxy = 3F0A36C62ACC287F00BC5E3B /* PBXContainerItemProxy */;
		};
		3F0A36D12ACC287F00BC5E3B /* PBXTargetDependency */ = {
			isa = PBXTargetDependency;
			target = 3F0A36B42ACC287E00BC5E3B /* lab01 */;
			targetProxy = 3F0A36D02ACC287F00BC5E3B /* PBXContainerItemProxy */;
		};
/* End PBXTargetDependency section */

/* Begin XCBuildConfiguration section */
		3F0A36D72ACC287F00BC5E3B /* Debug */ = {
			isa = XCBuildConfiguration;
			buildSettings = {
				ALWAYS_SEARCH_USER_PATHS = NO;
				ASSETCATALOG_COMPILER_GENERATE_SWIFT_ASSET_SYMBOL_EXTENSIONS = YES;
				CLANG_ANALYZER_NONNULL = YES;
				CLANG_ANALYZER_NUMBER_OBJECT_CONVERSION = YES_AGGRESSIVE;
				CLANG_CXX_LANGUAGE_STANDARD = "gnu++20";
				CLANG_ENABLE_MODULES = YES;
				CLANG_ENABLE_OBJC_ARC = YES;
				CLANG_ENABLE_OBJC_WEAK = YES;
				CLANG_WARN_BLOCK_CAPTURE_AUTORELEASING = YES;
				CLANG_WARN_BOOL_CONVERSION = YES;
				CLANG_WARN_COMMA = YES;
				CLANG_WARN_CONSTANT_CONVERSION = YES;
				CLANG_WARN_DEPRECATED_OBJC_IMPLEMENTATIONS = YES;
				CLANG_WARN_DIRECT_OBJC_ISA_USAGE = YES_ERROR;
				CLANG_WARN_DOCUMENTATION_COMMENTS = YES;
				CLANG_WARN_EMPTY_BODY = YES;
				CLANG_WARN_ENUM_CONVERSION = YES;
				CLANG_WARN_INFINITE_RECURSION = YES;
				CLANG_WARN_INT_CONVERSION = YES;
				CLANG_WARN_NON_LITERAL_NULL_CONVERSION = YES;
				CLANG_WARN_OBJC_IMPLICIT_RETAIN_SELF = YES;
				CLANG_WARN_OBJC_LITERAL_CONVERSION = YES;
				CLANG_WARN_OBJC_ROOT_CLASS = YES_ERROR;
				CLANG_WARN_QUOTED_INCLUDE_IN_FRAMEWORK_HEADER = YES;
				CLANG_WARN_RANGE_LOOP_ANALYSIS = YES;
				CLANG_WARN_STRICT_PROTOTYPES = YES;
				CLANG_WARN_SUSPICIOUS_MOVE = YES;
				CLANG_WARN_UNGUARDED_AVAILABILITY = YES_AGGRESSIVE;
				CLANG_WARN_UNREACHABLE_CODE = YES;
				CLANG_WARN__DUPLICATE_METHOD_MATCH = YES;
				COPY_PHASE_STRIP = NO;
				DEBUG_INFORMATION_FORMAT = dwarf;
				ENABLE_STRICT_OBJC_MSGSEND = YES;
				ENABLE_TESTABILITY = YES;
				ENABLE_USER_SCRIPT_SANDBOXING = YES;
				GCC_C_LANGUAGE_STANDARD = gnu17;
				GCC_DYNAMIC_NO_PIC = NO;
				GCC_NO_COMMON_BLOCKS = YES;
				GCC_OPTIMIZATION_LEVEL = 0;
				GCC_PREPROCESSOR_DEFINITIONS = (
					"DEBUG=1",
					"$(inherited)",
				);
				GCC_WARN_64_TO_32_BIT_CONVERSION = YES;
				GCC_WARN_ABOUT_RETURN_TYPE = YES_ERROR;
				GCC_WARN_UNDECLARED_SELECTOR = YES;
				GCC_WARN_UNINITIALIZED_AUTOS = YES_AGGRESSIVE;
				GCC_WARN_UNUSED_FUNCTION = YES;
				GCC_WARN_UNUSED_VARIABLE = YES;
				IPHONEOS_DEPLOYMENT_TARGET = 17.0;
				LOCALIZATION_PREFERS_STRING_CATALOGS = YES;
				MTL_ENABLE_DEBUG_INFO = INCLUDE_SOURCE;
				MTL_FAST_MATH = YES;
				ONLY_ACTIVE_ARCH = YES;
				SDKROOT = iphoneos;
				SWIFT_ACTIVE_COMPILATION_CONDITIONS = "DEBUG $(inherited)";
				SWIFT_OPTIMIZATION_LEVEL = "-Onone";
			};
			name = Debug;
		};
		3F0A36D82ACC287F00BC5E3B /* Release */ = {
			isa = XCBuildConfiguration;
			buildSettings = {
				ALWAYS_SEARCH_USER_PATHS = NO;
				ASSETCATALOG_COMPILER_GENERATE_SWIFT_ASSET_SYMBOL_EXTENSIONS = YES;
				CLANG_ANALYZER_NONNULL = YES;
				CLANG_ANALYZER_NUMBER_OBJECT_CONVERSION = YES_AGGRESSIVE;
				CLANG_CXX_LANGUAGE_STANDARD = "gnu++20";
				CLANG_ENABLE_MODULES = YES;
				CLANG_ENABLE_OBJC_ARC = YES;
				CLANG_ENABLE_OBJC_WEAK = YES;
				CLANG_WARN_BLOCK_CAPTURE_AUTORELEASING = YES;
				CLANG_WARN_BOOL_CONVERSION = YES;
				CLANG_WARN_COMMA = YES;
				CLANG_WARN_CONSTANT_CONVERSION = YES;
				CLANG_WARN_DEPRECATED_OBJC_IMPLEMENTATIONS = YES;
				CLANG_WARN_DIRECT_OBJC_ISA_USAGE = YES_ERROR;
				CLANG_WARN_DOCUMENTATION_COMMENTS = YES;
				CLANG_WARN_EMPTY_BODY = YES;
				CLANG_WARN_ENUM_CONVERSION = YES;
				CLANG_WARN_INFINITE_RECURSION = YES;
				CLANG_WARN_INT_CONVERSION = YES;
				CLANG_WARN_NON_LITERAL_NULL_CONVERSION = YES;
				CLANG_WARN_OBJC_IMPLICIT_RETAIN_SELF = YES;
				CLANG_WARN_OBJC_LITERAL_CONVERSION = YES;
				CLANG_WARN_OBJC_ROOT_CLASS = YES_ERROR;
				CLANG_WARN_QUOTED_INCLUDE_IN_FRAMEWORK_HEADER = YES;
				CLANG_WARN_RANGE_LOOP_ANALYSIS = YES;
				CLANG_WARN_STRICT_PROTOTYPES = YES;
				CLANG_WARN_SUSPICIOUS_MOVE = YES;
				CLANG_WARN_UNGUARDED_AVAILABILITY = YES_AGGRESSIVE;
				CLANG_WARN_UNREACHABLE_CODE = YES;
				CLANG_WARN__DUPLICATE_METHOD_MATCH = YES;
				COPY_PHASE_STRIP = NO;
				DEBUG_INFORMATION_FORMAT = "dwarf-with-dsym";
				ENABLE_NS_ASSERTIONS = NO;
				ENABLE_STRICT_OBJC_MSGSEND = YES;
				ENABLE_USER_SCRIPT_SANDBOXING = YES;
				GCC_C_LANGUAGE_STANDARD = gnu17;
				GCC_NO_COMMON_BLOCKS = YES;
				GCC_WARN_64_TO_32_BIT_CONVERSION = YES;
				GCC_WARN_ABOUT_RETURN_TYPE = YES_ERROR;
				GCC_WARN_UNDECLARED_SELECTOR = YES;
				GCC_WARN_UNINITIALIZED_AUTOS = YES_AGGRESSIVE;
				GCC_WARN_UNUSED_FUNCTION = YES;
				GCC_WARN_UNUSED_VARIABLE = YES;
				IPHONEOS_DEPLOYMENT_TARGET = 17.0;
				LOCALIZATION_PREFERS_STRING_CATALOGS = YES;
				MTL_ENABLE_DEBUG_INFO = NO;
				MTL_FAST_MATH = YES;
				SDKROOT = iphoneos;
				SWIFT_COMPILATION_MODE = wholemodule;
				VALIDATE_PRODUCT = YES;
			};
			name = Release;
		};
		3F0A36DA2ACC287F00BC5E3B /* Debug */ = {
			isa = XCBuildConfiguration;
			buildSettings = {
				ASSETCATALOG_COMPILER_APPICON_NAME = AppIcon;
				ASSETCATALOG_COMPILER_GLOBAL_ACCENT_COLOR_NAME = AccentColor;
				CODE_SIGN_STYLE = Automatic;
				CURRENT_PROJECT_VERSION = 1;
				DEVELOPMENT_ASSET_PATHS = "\"lab01/Preview Content\"";
				ENABLE_PREVIEWS = YES;
				GENERATE_INFOPLIST_FILE = YES;
				INFOPLIST_KEY_UIApplicationSceneManifest_Generation = YES;
				INFOPLIST_KEY_UIApplicationSupportsIndirectInputEvents = YES;
				INFOPLIST_KEY_UILaunchScreen_Generation = YES;
				INFOPLIST_KEY_UISupportedInterfaceOrientations_iPad = "UIInterfaceOrientationPortrait UIInterfaceOrientationPortraitUpsideDown UIInterfaceOrientationLandscapeLeft UIInterfaceOrientationLandscapeRight";
				INFOPLIST_KEY_UISupportedInterfaceOrientations_iPhone = "UIInterfaceOrientationPortrait UIInterfaceOrientationLandscapeLeft UIInterfaceOrientationLandscapeRight";
				LD_RUNPATH_SEARCH_PATHS = (
					"$(inherited)",
					"@executable_path/Frameworks",
				);
				MARKETING_VERSION = 1.0;
				PRODUCT_BUNDLE_IDENTIFIER = pollub.edu.lab01;
				PRODUCT_NAME = "$(TARGET_NAME)";
				SWIFT_EMIT_LOC_STRINGS = YES;
				SWIFT_VERSION = 5.0;
				TARGETED_DEVICE_FAMILY = "1,2";
			};
			name = Debug;
		};
		3F0A36DB2ACC287F00BC5E3B /* Release */ = {
			isa = XCBuildConfiguration;
			buildSettings = {
				ASSETCATALOG_COMPILER_APPICON_NAME = AppIcon;
				ASSETCATALOG_COMPILER_GLOBAL_ACCENT_COLOR_NAME = AccentColor;
				CODE_SIGN_STYLE = Automatic;
				CURRENT_PROJECT_VERSION = 1;
				DEVELOPMENT_ASSET_PATHS = "\"lab01/Preview Content\"";
				ENABLE_PREVIEWS = YES;
				GENERATE_INFOPLIST_FILE = YES;
				INFOPLIST_KEY_UIApplicationSceneManifest_Generation = YES;
				INFOPLIST_KEY_UIApplicationSupportsIndirectInputEvents = YES;
				INFOPLIST_KEY_UILaunchScreen_Generation = YES;
				INFOPLIST_KEY_UISupportedInterfaceOrientations_iPad = "UIInterfaceOrientationPortrait UIInterfaceOrientationPortraitUpsideDown UIInterfaceOrientationLandscapeLeft UIInterfaceOrientationLandscapeRight";
				INFOPLIST_KEY_UISupportedInterfaceOrientations_iPhone = "UIInterfaceOrientationPortrait UIInterfaceOrientationLandscapeLeft UIInterfaceOrientationLandscapeRight";
				LD_RUNPATH_SEARCH_PATHS = (
					"$(inherited)",
					"@executable_path/Frameworks",
				);
				MARKETING_VERSION = 1.0;
				PRODUCT_BUNDLE_IDENTIFIER = pollub.edu.lab01;
				PRODUCT_NAME = "$(TARGET_NAME)";
				SWIFT_EMIT_LOC_STRINGS = YES;
				SWIFT_VERSION = 5.0;
				TARGETED_DEVICE_FAMILY = "1,2";
			};
			name = Release;
		};
		3F0A36DD2ACC287F00BC5E3B /* Debug */ = {
			isa = XCBuildConfiguration;
			buildSettings = {
				ALWAYS_EMBED_SWIFT_STANDARD_LIBRARIES = YES;
				BUNDLE_LOADER = "$(TEST_HOST)";
				CODE_SIGN_STYLE = Automatic;
				CURRENT_PROJECT_VERSION = 1;
				GENERATE_INFOPLIST_FILE = YES;
				IPHONEOS_DEPLOYMENT_TARGET = 17.0;
				MARKETING_VERSION = 1.0;
				PRODUCT_BUNDLE_IDENTIFIER = pollub.edu.lab01Tests;
				PRODUCT_NAME = "$(TARGET_NAME)";
				SWIFT_EMIT_LOC_STRINGS = NO;
				SWIFT_VERSION = 5.0;
				TARGETED_DEVICE_FAMILY = "1,2";
				TEST_HOST = "$(BUILT_PRODUCTS_DIR)/lab01.app/$(BUNDLE_EXECUTABLE_FOLDER_PATH)/lab01";
			};
			name = Debug;
		};
		3F0A36DE2ACC287F00BC5E3B /* Release */ = {
			isa = XCBuildConfiguration;
			buildSettings = {
				ALWAYS_EMBED_SWIFT_STANDARD_LIBRARIES = YES;
				BUNDLE_LOADER = "$(TEST_HOST)";
				CODE_SIGN_STYLE = Automatic;
				CURRENT_PROJECT_VERSION = 1;
				GENERATE_INFOPLIST_FILE = YES;
				IPHONEOS_DEPLOYMENT_TARGET = 17.0;
				MARKETING_VERSION = 1.0;
				PRODUCT_BUNDLE_IDENTIFIER = pollub.edu.lab01Tests;
				PRODUCT_NAME = "$(TARGET_NAME)";
				SWIFT_EMIT_LOC_STRINGS = NO;
				SWIFT_VERSION = 5.0;
				TARGETED_DEVICE_FAMILY = "1,2";
				TEST_HOST = "$(BUILT_PRODUCTS_DIR)/lab01.app/$(BUNDLE_EXECUTABLE_FOLDER_PATH)/lab01";
			};
			name = Release;
		};
		3F0A36E02ACC287F00BC5E3B /* Debug */ = {
			isa = XCBuildConfiguration;
			buildSettings = {
				ALWAYS_EMBED_SWIFT_STANDARD_LIBRARIES = YES;
				CODE_SIGN_STYLE = Automatic;
				CURRENT_PROJECT_VERSION = 1;
				GENERATE_INFOPLIST_FILE = YES;
				MARKETING_VERSION = 1.0;
				PRODUCT_BUNDLE_IDENTIFIER = pollub.edu.lab01UITests;
				PRODUCT_NAME = "$(TARGET_NAME)";
				SWIFT_EMIT_LOC_STRINGS = NO;
				SWIFT_VERSION = 5.0;
				TARGETED_DEVICE_FAMILY = "1,2";
				TEST_TARGET_NAME = lab01;
			};
			name = Debug;
		};
		3F0A36E12ACC287F00BC5E3B /* Release */ = {
			isa = XCBuildConfiguration;
			buildSettings = {
				ALWAYS_EMBED_SWIFT_STANDARD_LIBRARIES = YES;
				CODE_SIGN_STYLE = Automatic;
				CURRENT_PROJECT_VERSION = 1;
				GENERATE_INFOPLIST_FILE = YES;
				MARKETING_VERSION = 1.0;
				PRODUCT_BUNDLE_IDENTIFIER = pollub.edu.lab01UITests;
				PRODUCT_NAME = "$(TARGET_NAME)";
				SWIFT_EMIT_LOC_STRINGS = NO;
				SWIFT_VERSION = 5.0;
				TARGETED_DEVICE_FAMILY = "1,2";
				TEST_TARGET_NAME = lab01;
			};
			name = Release;
		};
/* End XCBuildConfiguration section */

/* Begin XCConfigurationList section */
		3F0A36B02ACC287E00BC5E3B /* Build configuration list for PBXProject "lab01" */ = {
			isa = XCConfigurationList;
			buildConfigurations = (
				3F0A36D72ACC287F00BC5E3B /* Debug */,
				3F0A36D82ACC287F00BC5E3B /* Release */,
			);
			defaultConfigurationIsVisible = 0;
			defaultConfigurationName = Release;
		};
		3F0A36D92ACC287F00BC5E3B /* Build configuration list for PBXNativeTarget "lab01" */ = {
			isa = XCConfigurationList;
			buildConfigurations = (
				3F0A36DA2ACC287F00BC5E3B /* Debug */,
				3F0A36DB2ACC287F00BC5E3B /* Release */,
			);
			defaultConfigurationIsVisible = 0;
			defaultConfigurationName = Release;
		};
		3F0A36DC2ACC287F00BC5E3B /* Build configuration list for PBXNativeTarget "lab01Tests" */ = {
			isa = XCConfigurationList;
			buildConfigurations = (
				3F0A36DD2ACC287F00BC5E3B /* Debug */,
				3F0A36DE2ACC287F00BC5E3B /* Release */,
			);
			defaultConfigurationIsVisible = 0;
			defaultConfigurationName = Release;
		};
		3F0A36DF2ACC287F00BC5E3B /* Build configuration list for PBXNativeTarget "lab01UITests" */ = {
			isa = XCConfigurationList;
			buildConfigurations = (
				3F0A36E02ACC287F00BC5E3B /* Debug */,
				3F0A36E12ACC287F00BC5E3B /* Release */,
			);
			defaultConfigurationIsVisible = 0;
			defaultConfigurationName = Release;
		};
/* End XCConfigurationList section */
	};
	rootObject = 3F0A36AD2ACC287E00BC5E3B /* Project object */;
}
